// !$*UTF8*$!
{
	archiveVersion = 1;
	classes = {
	};
	objectVersion = 55;
	objects = {

/* Begin PBXBuildFile section */
		CEEC1A9C287A607F0038BE58 /* AppDelegate.swift in Sources */ = {isa = PBXBuildFile; fileRef = CEEC1A9B287A607F0038BE58 /* AppDelegate.swift */; };
		CEEC1A9E287A607F0038BE58 /* SceneDelegate.swift in Sources */ = {isa = PBXBuildFile; fileRef = CEEC1A9D287A607F0038BE58 /* SceneDelegate.swift */; };
		CEEC1AA0287A607F0038BE58 /* ViewController.swift in Sources */ = {isa = PBXBuildFile; fileRef = CEEC1A9F287A607F0038BE58 /* ViewController.swift */; };
		CEEC1AA3287A607F0038BE58 /* Main.storyboard in Resources */ = {isa = PBXBuildFile; fileRef = CEEC1AA1287A607F0038BE58 /* Main.storyboard */; };
		CEEC1AA5287A60810038BE58 /* Assets.xcassets in Resources */ = {isa = PBXBuildFile; fileRef = CEEC1AA4287A60810038BE58 /* Assets.xcassets */; };
		CEEC1AA8287A60810038BE58 /* LaunchScreen.storyboard in Resources */ = {isa = PBXBuildFile; fileRef = CEEC1AA6287A60810038BE58 /* LaunchScreen.storyboard */; };
		CEEC1AB6287A64350038BE58 /* MainTabController.swift in Sources */ = {isa = PBXBuildFile; fileRef = CEEC1AB5287A64350038BE58 /* MainTabController.swift */; };
		CEEC1AB8287A64880038BE58 /* FeedController.swift in Sources */ = {isa = PBXBuildFile; fileRef = CEEC1AB7287A64880038BE58 /* FeedController.swift */; };
		CEEC1ABA287A64920038BE58 /* SearchController.swift in Sources */ = {isa = PBXBuildFile; fileRef = CEEC1AB9287A64920038BE58 /* SearchController.swift */; };
		CEEC1ABC287A64A00038BE58 /* ImageSelectorController.swift in Sources */ = {isa = PBXBuildFile; fileRef = CEEC1ABB287A64A00038BE58 /* ImageSelectorController.swift */; };
		CEEC1ABE287A64AE0038BE58 /* NotificationController.swift in Sources */ = {isa = PBXBuildFile; fileRef = CEEC1ABD287A64AE0038BE58 /* NotificationController.swift */; };
		CEEC1AC0287A64BC0038BE58 /* ProfileController.swift in Sources */ = {isa = PBXBuildFile; fileRef = CEEC1ABF287A64BC0038BE58 /* ProfileController.swift */; };
/* End PBXBuildFile section */

/* Begin PBXFileReference section */
		CEEC1A98287A607F0038BE58 /* PhotoRecipe.app */ = {isa = PBXFileReference; explicitFileType = wrapper.application; includeInIndex = 0; path = PhotoRecipe.app; sourceTree = BUILT_PRODUCTS_DIR; };
		CEEC1A9B287A607F0038BE58 /* AppDelegate.swift */ = {isa = PBXFileReference; lastKnownFileType = sourcecode.swift; path = AppDelegate.swift; sourceTree = "<group>"; };
		CEEC1A9D287A607F0038BE58 /* SceneDelegate.swift */ = {isa = PBXFileReference; lastKnownFileType = sourcecode.swift; path = SceneDelegate.swift; sourceTree = "<group>"; };
		CEEC1A9F287A607F0038BE58 /* ViewController.swift */ = {isa = PBXFileReference; lastKnownFileType = sourcecode.swift; path = ViewController.swift; sourceTree = "<group>"; };
		CEEC1AA2287A607F0038BE58 /* Base */ = {isa = PBXFileReference; lastKnownFileType = file.storyboard; name = Base; path = Base.lproj/Main.storyboard; sourceTree = "<group>"; };
		CEEC1AA4287A60810038BE58 /* Assets.xcassets */ = {isa = PBXFileReference; lastKnownFileType = folder.assetcatalog; path = Assets.xcassets; sourceTree = "<group>"; };
		CEEC1AA7287A60810038BE58 /* Base */ = {isa = PBXFileReference; lastKnownFileType = file.storyboard; name = Base; path = Base.lproj/LaunchScreen.storyboard; sourceTree = "<group>"; };
		CEEC1AA9287A60810038BE58 /* Info.plist */ = {isa = PBXFileReference; lastKnownFileType = text.plist.xml; path = Info.plist; sourceTree = "<group>"; };
		CEEC1AB5287A64350038BE58 /* MainTabController.swift */ = {isa = PBXFileReference; lastKnownFileType = sourcecode.swift; path = MainTabController.swift; sourceTree = "<group>"; };
		CEEC1AB7287A64880038BE58 /* FeedController.swift */ = {isa = PBXFileReference; lastKnownFileType = sourcecode.swift; path = FeedController.swift; sourceTree = "<group>"; };
		CEEC1AB9287A64920038BE58 /* SearchController.swift */ = {isa = PBXFileReference; lastKnownFileType = sourcecode.swift; path = SearchController.swift; sourceTree = "<group>"; };
		CEEC1ABB287A64A00038BE58 /* ImageSelectorController.swift */ = {isa = PBXFileReference; lastKnownFileType = sourcecode.swift; path = ImageSelectorController.swift; sourceTree = "<group>"; };
		CEEC1ABD287A64AE0038BE58 /* NotificationController.swift */ = {isa = PBXFileReference; lastKnownFileType = sourcecode.swift; path = NotificationController.swift; sourceTree = "<group>"; };
		CEEC1ABF287A64BC0038BE58 /* ProfileController.swift */ = {isa = PBXFileReference; lastKnownFileType = sourcecode.swift; path = ProfileController.swift; sourceTree = "<group>"; };
/* End PBXFileReference section */

/* Begin PBXFrameworksBuildPhase section */
		CEEC1A95287A607F0038BE58 /* Frameworks */ = {
			isa = PBXFrameworksBuildPhase;
			buildActionMask = 2147483647;
			files = (
			);
			runOnlyForDeploymentPostprocessing = 0;
		};
/* End PBXFrameworksBuildPhase section */

/* Begin PBXGroup section */
		CEEC1A8F287A607F0038BE58 = {
			isa = PBXGroup;
			children = (
				CEEC1A9A287A607F0038BE58 /* PhotoRecipe */,
				CEEC1A99287A607F0038BE58 /* Products */,
			);
			sourceTree = "<group>";
		};
		CEEC1A99287A607F0038BE58 /* Products */ = {
			isa = PBXGroup;
			children = (
				CEEC1A98287A607F0038BE58 /* PhotoRecipe.app */,
			);
			name = Products;
			sourceTree = "<group>";
		};
		CEEC1A9A287A607F0038BE58 /* PhotoRecipe */ = {
			isa = PBXGroup;
			children = (
				CEEC1AB4287A64220038BE58 /* Model */,
				CEEC1AB3287A64150038BE58 /* View */,
				CEEC1AB2287A640E0038BE58 /* ViewModel */,
				CEEC1AB1287A64050038BE58 /* Controller */,
				CEEC1AB0287A63FF0038BE58 /* API */,
				CEEC1AAF287A63F40038BE58 /* Utils */,
				CEEC1A9B287A607F0038BE58 /* AppDelegate.swift */,
				CEEC1A9D287A607F0038BE58 /* SceneDelegate.swift */,
				CEEC1A9F287A607F0038BE58 /* ViewController.swift */,
				CEEC1AA1287A607F0038BE58 /* Main.storyboard */,
				CEEC1AA4287A60810038BE58 /* Assets.xcassets */,
				CEEC1AA6287A60810038BE58 /* LaunchScreen.storyboard */,
				CEEC1AA9287A60810038BE58 /* Info.plist */,
			);
			path = PhotoRecipe;
			sourceTree = "<group>";
		};
		CEEC1AAF287A63F40038BE58 /* Utils */ = {
			isa = PBXGroup;
			children = (
			);
			path = Utils;
			sourceTree = "<group>";
		};
		CEEC1AB0287A63FF0038BE58 /* API */ = {
			isa = PBXGroup;
			children = (
			);
			path = API;
			sourceTree = "<group>";
		};
		CEEC1AB1287A64050038BE58 /* Controller */ = {
			isa = PBXGroup;
			children = (
				CEEC1AB5287A64350038BE58 /* MainTabController.swift */,
				CEEC1AB7287A64880038BE58 /* FeedController.swift */,
				CEEC1AB9287A64920038BE58 /* SearchController.swift */,
				CEEC1ABB287A64A00038BE58 /* ImageSelectorController.swift */,
				CEEC1ABD287A64AE0038BE58 /* NotificationController.swift */,
				CEEC1ABF287A64BC0038BE58 /* ProfileController.swift */,
			);
			path = Controller;
			sourceTree = "<group>";
		};
		CEEC1AB2287A640E0038BE58 /* ViewModel */ = {
			isa = PBXGroup;
			children = (
			);
			path = ViewModel;
			sourceTree = "<group>";
		};
		CEEC1AB3287A64150038BE58 /* View */ = {
			isa = PBXGroup;
			children = (
			);
			path = View;
			sourceTree = "<group>";
		};
		CEEC1AB4287A64220038BE58 /* Model */ = {
			isa = PBXGroup;
			children = (
			);
			path = Model;
			sourceTree = "<group>";
		};
/* End PBXGroup section */

/* Begin PBXNativeTarget section */
		CEEC1A97287A607F0038BE58 /* PhotoRecipe */ = {
			isa = PBXNativeTarget;
			buildConfigurationList = CEEC1AAC287A60810038BE58 /* Build configuration list for PBXNativeTarget "PhotoRecipe" */;
			buildPhases = (
				CEEC1A94287A607F0038BE58 /* Sources */,
				CEEC1A95287A607F0038BE58 /* Frameworks */,
				CEEC1A96287A607F0038BE58 /* Resources */,
			);
			buildRules = (
			);
			dependencies = (
			);
			name = PhotoRecipe;
			productName = PhotoRecipe;
			productReference = CEEC1A98287A607F0038BE58 /* PhotoRecipe.app */;
			productType = "com.apple.product-type.application";
		};
/* End PBXNativeTarget section */

/* Begin PBXProject section */
		CEEC1A90287A607F0038BE58 /* Project object */ = {
			isa = PBXProject;
			attributes = {
				BuildIndependentTargetsInParallel = 1;
				LastSwiftUpdateCheck = 1340;
				LastUpgradeCheck = 1340;
				TargetAttributes = {
					CEEC1A97287A607F0038BE58 = {
						CreatedOnToolsVersion = 13.4.1;
					};
				};
			};
			buildConfigurationList = CEEC1A93287A607F0038BE58 /* Build configuration list for PBXProject "PhotoRecipe" */;
			compatibilityVersion = "Xcode 13.0";
			developmentRegion = en;
			hasScannedForEncodings = 0;
			knownRegions = (
				en,
				Base,
			);
			mainGroup = CEEC1A8F287A607F0038BE58;
			productRefGroup = CEEC1A99287A607F0038BE58 /* Products */;
			projectDirPath = "";
			projectRoot = "";
			targets = (
				CEEC1A97287A607F0038BE58 /* PhotoRecipe */,
			);
		};
/* End PBXProject section */

/* Begin PBXResourcesBuildPhase section */
		CEEC1A96287A607F0038BE58 /* Resources */ = {
			isa = PBXResourcesBuildPhase;
			buildActionMask = 2147483647;
			files = (
				CEEC1AA8287A60810038BE58 /* LaunchScreen.storyboard in Resources */,
				CEEC1AA5287A60810038BE58 /* Assets.xcassets in Resources */,
				CEEC1AA3287A607F0038BE58 /* Main.storyboard in Resources */,
			);
			runOnlyForDeploymentPostprocessing = 0;
		};
/* End PBXResourcesBuildPhase section */

/* Begin PBXSourcesBuildPhase section */
		CEEC1A94287A607F0038BE58 /* Sources */ = {
			isa = PBXSourcesBuildPhase;
			buildActionMask = 2147483647;
			files = (
				CEEC1AA0287A607F0038BE58 /* ViewController.swift in Sources */,
				CEEC1ABC287A64A00038BE58 /* ImageSelectorController.swift in Sources */,
				CEEC1ABE287A64AE0038BE58 /* NotificationController.swift in Sources */,
				CEEC1ABA287A64920038BE58 /* SearchController.swift in Sources */,
				CEEC1A9C287A607F0038BE58 /* AppDelegate.swift in Sources */,
				CEEC1AC0287A64BC0038BE58 /* ProfileController.swift in Sources */,
				CEEC1AB8287A64880038BE58 /* FeedController.swift in Sources */,
				CEEC1AB6287A64350038BE58 /* MainTabController.swift in Sources */,
				CEEC1A9E287A607F0038BE58 /* SceneDelegate.swift in Sources */,
			);
			runOnlyForDeploymentPostprocessing = 0;
		};
/* End PBXSourcesBuildPhase section */

/* Begin PBXVariantGroup section */
		CEEC1AA1287A607F0038BE58 /* Main.storyboard */ = {
			isa = PBXVariantGroup;
			children = (
				CEEC1AA2287A607F0038BE58 /* Base */,
			);
			name = Main.storyboard;
			sourceTree = "<group>";
		};
		CEEC1AA6287A60810038BE58 /* LaunchScreen.storyboard */ = {
			isa = PBXVariantGroup;
			children = (
				CEEC1AA7287A60810038BE58 /* Base */,
			);
			name = LaunchScreen.storyboard;
			sourceTree = "<group>";
		};
/* End PBXVariantGroup section */

/* Begin XCBuildConfiguration section */
		CEEC1AAA287A60810038BE58 /* Debug */ = {
			isa = XCBuildConfiguration;
			buildSettings = {
				ALWAYS_SEARCH_USER_PATHS = NO;
				CLANG_ANALYZER_NONNULL = YES;
				CLANG_ANALYZER_NUMBER_OBJECT_CONVERSION = YES_AGGRESSIVE;
				CLANG_CXX_LANGUAGE_STANDARD = "gnu++17";
				CLANG_ENABLE_MODULES = YES;
				CLANG_ENABLE_OBJC_ARC = YES;
				CLANG_ENABLE_OBJC_WEAK = YES;
				CLANG_WARN_BLOCK_CAPTURE_AUTORELEASING = YES;
				CLANG_WARN_BOOL_CONVERSION = YES;
				CLANG_WARN_COMMA = YES;
				CLANG_WARN_CONSTANT_CONVERSION = YES;
				CLANG_WARN_DEPRECATED_OBJC_IMPLEMENTATIONS = YES;
				CLANG_WARN_DIRECT_OBJC_ISA_USAGE = YES_ERROR;
				CLANG_WARN_DOCUMENTATION_COMMENTS = YES;
				CLANG_WARN_EMPTY_BODY = YES;
				CLANG_WARN_ENUM_CONVERSION = YES;
				CLANG_WARN_INFINITE_RECURSION = YES;
				CLANG_WARN_INT_CONVERSION = YES;
				CLANG_WARN_NON_LITERAL_NULL_CONVERSION = YES;
				CLANG_WARN_OBJC_IMPLICIT_RETAIN_SELF = YES;
				CLANG_WARN_OBJC_LITERAL_CONVERSION = YES;
				CLANG_WARN_OBJC_ROOT_CLASS = YES_ERROR;
				CLANG_WARN_QUOTED_INCLUDE_IN_FRAMEWORK_HEADER = YES;
				CLANG_WARN_RANGE_LOOP_ANALYSIS = YES;
				CLANG_WARN_STRICT_PROTOTYPES = YES;
				CLANG_WARN_SUSPICIOUS_MOVE = YES;
				CLANG_WARN_UNGUARDED_AVAILABILITY = YES_AGGRESSIVE;
				CLANG_WARN_UNREACHABLE_CODE = YES;
				CLANG_WARN__DUPLICATE_METHOD_MATCH = YES;
				COPY_PHASE_STRIP = NO;
				DEBUG_INFORMATION_FORMAT = dwarf;
				ENABLE_STRICT_OBJC_MSGSEND = YES;
				ENABLE_TESTABILITY = YES;
				GCC_C_LANGUAGE_STANDARD = gnu11;
				GCC_DYNAMIC_NO_PIC = NO;
				GCC_NO_COMMON_BLOCKS = YES;
				GCC_OPTIMIZATION_LEVEL = 0;
				GCC_PREPROCESSOR_DEFINITIONS = (
					"DEBUG=1",
					"$(inherited)",
				);
				GCC_WARN_64_TO_32_BIT_CONVERSION = YES;
				GCC_WARN_ABOUT_RETURN_TYPE = YES_ERROR;
				GCC_WARN_UNDECLARED_SELECTOR = YES;
				GCC_WARN_UNINITIALIZED_AUTOS = YES_AGGRESSIVE;
				GCC_WARN_UNUSED_FUNCTION = YES;
				GCC_WARN_UNUSED_VARIABLE = YES;
				IPHONEOS_DEPLOYMENT_TARGET = 15.5;
				MTL_ENABLE_DEBUG_INFO = INCLUDE_SOURCE;
				MTL_FAST_MATH = YES;
				ONLY_ACTIVE_ARCH = YES;
				SDKROOT = iphoneos;
				SWIFT_ACTIVE_COMPILATION_CONDITIONS = DEBUG;
				SWIFT_OPTIMIZATION_LEVEL = "-Onone";
			};
			name = Debug;
		};
		CEEC1AAB287A60810038BE58 /* Release */ = {
			isa = XCBuildConfiguration;
			buildSettings = {
				ALWAYS_SEARCH_USER_PATHS = NO;
				CLANG_ANALYZER_NONNULL = YES;
				CLANG_ANALYZER_NUMBER_OBJECT_CONVERSION = YES_AGGRESSIVE;
				CLANG_CXX_LANGUAGE_STANDARD = "gnu++17";
				CLANG_ENABLE_MODULES = YES;
				CLANG_ENABLE_OBJC_ARC = YES;
				CLANG_ENABLE_OBJC_WEAK = YES;
				CLANG_WARN_BLOCK_CAPTURE_AUTORELEASING = YES;
				CLANG_WARN_BOOL_CONVERSION = YES;
				CLANG_WARN_COMMA = YES;
				CLANG_WARN_CONSTANT_CONVERSION = YES;
				CLANG_WARN_DEPRECATED_OBJC_IMPLEMENTATIONS = YES;
				CLANG_WARN_DIRECT_OBJC_ISA_USAGE = YES_ERROR;
				CLANG_WARN_DOCUMENTATION_COMMENTS = YES;
				CLANG_WARN_EMPTY_BODY = YES;
				CLANG_WARN_ENUM_CONVERSION = YES;
				CLANG_WARN_INFINITE_RECURSION = YES;
				CLANG_WARN_INT_CONVERSION = YES;
				CLANG_WARN_NON_LITERAL_NULL_CONVERSION = YES;
				CLANG_WARN_OBJC_IMPLICIT_RETAIN_SELF = YES;
				CLANG_WARN_OBJC_LITERAL_CONVERSION = YES;
				CLANG_WARN_OBJC_ROOT_CLASS = YES_ERROR;
				CLANG_WARN_QUOTED_INCLUDE_IN_FRAMEWORK_HEADER = YES;
				CLANG_WARN_RANGE_LOOP_ANALYSIS = YES;
				CLANG_WARN_STRICT_PROTOTYPES = YES;
				CLANG_WARN_SUSPICIOUS_MOVE = YES;
				CLANG_WARN_UNGUARDED_AVAILABILITY = YES_AGGRESSIVE;
				CLANG_WARN_UNREACHABLE_CODE = YES;
				CLANG_WARN__DUPLICATE_METHOD_MATCH = YES;
				COPY_PHASE_STRIP = NO;
				DEBUG_INFORMATION_FORMAT = "dwarf-with-dsym";
				ENABLE_NS_ASSERTIONS = NO;
				ENABLE_STRICT_OBJC_MSGSEND = YES;
				GCC_C_LANGUAGE_STANDARD = gnu11;
				GCC_NO_COMMON_BLOCKS = YES;
				GCC_WARN_64_TO_32_BIT_CONVERSION = YES;
				GCC_WARN_ABOUT_RETURN_TYPE = YES_ERROR;
				GCC_WARN_UNDECLARED_SELECTOR = YES;
				GCC_WARN_UNINITIALIZED_AUTOS = YES_AGGRESSIVE;
				GCC_WARN_UNUSED_FUNCTION = YES;
				GCC_WARN_UNUSED_VARIABLE = YES;
				IPHONEOS_DEPLOYMENT_TARGET = 15.5;
				MTL_ENABLE_DEBUG_INFO = NO;
				MTL_FAST_MATH = YES;
				SDKROOT = iphoneos;
				SWIFT_COMPILATION_MODE = wholemodule;
				SWIFT_OPTIMIZATION_LEVEL = "-O";
				VALIDATE_PRODUCT = YES;
			};
			name = Release;
		};
		CEEC1AAD287A60810038BE58 /* Debug */ = {
			isa = XCBuildConfiguration;
			buildSettings = {
				ASSETCATALOG_COMPILER_APPICON_NAME = AppIcon;
				ASSETCATALOG_COMPILER_GLOBAL_ACCENT_COLOR_NAME = AccentColor;
				CODE_SIGN_STYLE = Automatic;
				CURRENT_PROJECT_VERSION = 1;
				GENERATE_INFOPLIST_FILE = YES;
				INFOPLIST_FILE = PhotoRecipe/Info.plist;
				INFOPLIST_KEY_UIApplicationSupportsIndirectInputEvents = YES;
				INFOPLIST_KEY_UILaunchStoryboardName = LaunchScreen;
				INFOPLIST_KEY_UIMainStoryboardFile = Main;
				INFOPLIST_KEY_UISupportedInterfaceOrientations_iPad = "UIInterfaceOrientationPortrait UIInterfaceOrientationPortraitUpsideDown UIInterfaceOrientationLandscapeLeft UIInterfaceOrientationLandscapeRight";
				INFOPLIST_KEY_UISupportedInterfaceOrientations_iPhone = "UIInterfaceOrientationPortrait UIInterfaceOrientationLandscapeLeft UIInterfaceOrientationLandscapeRight";
				LD_RUNPATH_SEARCH_PATHS = (
					"$(inherited)",
					"@executable_path/Frameworks",
				);
				MARKETING_VERSION = 1.0;
				PRODUCT_BUNDLE_IDENTIFIER = ashxzq.PhotoRecipe;
				PRODUCT_NAME = "$(TARGET_NAME)";
				SWIFT_EMIT_LOC_STRINGS = YES;
				SWIFT_VERSION = 5.0;
				TARGETED_DEVICE_FAMILY = "1,2";
			};
			name = Debug;
		};
		CEEC1AAE287A60810038BE58 /* Release */ = {
			isa = XCBuildConfiguration;
			buildSettings = {
				ASSETCATALOG_COMPILER_APPICON_NAME = AppIcon;
				ASSETCATALOG_COMPILER_GLOBAL_ACCENT_COLOR_NAME = AccentColor;
				CODE_SIGN_STYLE = Automatic;
				CURRENT_PROJECT_VERSION = 1;
				GENERATE_INFOPLIST_FILE = YES;
				INFOPLIST_FILE = PhotoRecipe/Info.plist;
				INFOPLIST_KEY_UIApplicationSupportsIndirectInputEvents = YES;
				INFOPLIST_KEY_UILaunchStoryboardName = LaunchScreen;
				INFOPLIST_KEY_UIMainStoryboardFile = Main;
				INFOPLIST_KEY_UISupportedInterfaceOrientations_iPad = "UIInterfaceOrientationPortrait UIInterfaceOrientationPortraitUpsideDown UIInterfaceOrientationLandscapeLeft UIInterfaceOrientationLandscapeRight";
				INFOPLIST_KEY_UISupportedInterfaceOrientations_iPhone = "UIInterfaceOrientationPortrait UIInterfaceOrientationLandscapeLeft UIInterfaceOrientationLandscapeRight";
				LD_RUNPATH_SEARCH_PATHS = (
					"$(inherited)",
					"@executable_path/Frameworks",
				);
				MARKETING_VERSION = 1.0;
				PRODUCT_BUNDLE_IDENTIFIER = ashxzq.PhotoRecipe;
				PRODUCT_NAME = "$(TARGET_NAME)";
				SWIFT_EMIT_LOC_STRINGS = YES;
				SWIFT_VERSION = 5.0;
				TARGETED_DEVICE_FAMILY = "1,2";
			};
			name = Release;
		};
/* End XCBuildConfiguration section */

/* Begin XCConfigurationList section */
		CEEC1A93287A607F0038BE58 /* Build configuration list for PBXProject "PhotoRecipe" */ = {
			isa = XCConfigurationList;
			buildConfigurations = (
				CEEC1AAA287A60810038BE58 /* Debug */,
				CEEC1AAB287A60810038BE58 /* Release */,
			);
			defaultConfigurationIsVisible = 0;
			defaultConfigurationName = Release;
		};
		CEEC1AAC287A60810038BE58 /* Build configuration list for PBXNativeTarget "PhotoRecipe" */ = {
			isa = XCConfigurationList;
			buildConfigurations = (
				CEEC1AAD287A60810038BE58 /* Debug */,
				CEEC1AAE287A60810038BE58 /* Release */,
			);
			defaultConfigurationIsVisible = 0;
			defaultConfigurationName = Release;
		};
/* End XCConfigurationList section */
	};
	rootObject = CEEC1A90287A607F0038BE58 /* Project object */;
}
